
Microsoft Visual Studio Solution File, Format Version 12.00
# Visual Studio Version 17
VisualStudioVersion = 17.6.33829.357
MinimumVisualStudioVersion = 10.0.40219.1
Project("{FAE04EC0-301F-11D3-BF4B-00C04F79EFBC}") = "WebApplication1", "WebApplication1\WebApplication1.csproj", "{C8670437-4B62-4CB3-B3C7-CB8A40C64A93}"
EndProject
Global
	GlobalSection(SolutionConfigurationPlatforms) = preSolution
		Debug|Any CPU = Debug|Any CPU
		Release|Any CPU = Release|Any CPU
	EndGlobalSection
	GlobalSection(ProjectConfigurationPlatforms) = postSolution
		{C8670437-4B62-4CB3-B3C7-CB8A40C64A93}.Debug|Any CPU.ActiveCfg = Debug|Any CPU
		{C8670437-4B62-4CB3-B3C7-CB8A40C64A93}.Debug|Any CPU.Build.0 = Debug|Any CPU
		{C8670437-4B62-4CB3-B3C7-CB8A40C64A93}.Release|Any CPU.ActiveCfg = Release|Any CPU
		{C8670437-4B62-4CB3-B3C7-CB8A40C64A93}.Release|Any CPU.Build.0 = Release|Any CPU
	EndGlobalSection
	GlobalSection(SolutionProperties) = preSolution
		HideSolutionNode = FALSE
	EndGlobalSection
	GlobalSection(ExtensibilityGlobals) = postSolution
		SolutionGuid = {6FEA6E08-D737-4377-9BCC-232512E9189C}
	EndGlobalSection
EndGlobal
